// !$*UTF8*$!
{
	archiveVersion = 1;
	classes = {
	};
	objectVersion = 77;
	objects = {

/* Begin PBXBuildFile section */
		893642832E7698BD00276161 /* Cloudinary in Frameworks */ = {isa = PBXBuildFile; productRef = 893642822E7698BD00276161 /* Cloudinary */; };
		893642862E7699C600276161 /* FirebaseAuth in Frameworks */ = {isa = PBXBuildFile; productRef = 893642852E7699C600276161 /* FirebaseAuth */; };
		893642882E7699C600276161 /* FirebaseDatabase in Frameworks */ = {isa = PBXBuildFile; productRef = 893642872E7699C600276161 /* FirebaseDatabase */; };
		8936428A2E7699C600276161 /* FirebaseFirestore in Frameworks */ = {isa = PBXBuildFile; productRef = 893642892E7699C600276161 /* FirebaseFirestore */; };
		8936428C2E7699C600276161 /* FirebaseStorage in Frameworks */ = {isa = PBXBuildFile; productRef = 8936428B2E7699C600276161 /* FirebaseStorage */; };
		893642912E76D0A400276161 /* README.md in Resources */ = {isa = PBXBuildFile; fileRef = 893642902E76D0A400276161 /* README.md */; };
/* End PBXBuildFile section */

/* Begin PBXContainerItemProxy section */
		161A16E12E547556000DA6C6 /* PBXContainerItemProxy */ = {
			isa = PBXContainerItemProxy;
			containerPortal = 161A16CB2E547553000DA6C6 /* Project object */;
			proxyType = 1;
			remoteGlobalIDString = 161A16D22E547553000DA6C6;
			remoteInfo = ChaoticStreet;
		};
		161A16EB2E547556000DA6C6 /* PBXContainerItemProxy */ = {
			isa = PBXContainerItemProxy;
			containerPortal = 161A16CB2E547553000DA6C6 /* Project object */;
			proxyType = 1;
			remoteGlobalIDString = 161A16D22E547553000DA6C6;
			remoteInfo = ChaoticStreet;
		};
/* End PBXContainerItemProxy section */

/* Begin PBXFileReference section */
		161A16D32E547553000DA6C6 /* ChaoticStreet.app */ = {isa = PBXFileReference; explicitFileType = wrapper.application; includeInIndex = 0; path = ChaoticStreet.app; sourceTree = BUILT_PRODUCTS_DIR; };
		161A16E02E547556000DA6C6 /* ChaoticStreetTests.xctest */ = {isa = PBXFileReference; explicitFileType = wrapper.cfbundle; includeInIndex = 0; path = ChaoticStreetTests.xctest; sourceTree = BUILT_PRODUCTS_DIR; };
		161A16EA2E547556000DA6C6 /* ChaoticStreetUITests.xctest */ = {isa = PBXFileReference; explicitFileType = wrapper.cfbundle; includeInIndex = 0; path = ChaoticStreetUITests.xctest; sourceTree = BUILT_PRODUCTS_DIR; };
		893642902E76D0A400276161 /* README.md */ = {isa = PBXFileReference; lastKnownFileType = net.daringfireball.markdown; path = README.md; sourceTree = "<group>"; };
		FA89E4AB2E79C0F000714EF6 /* ChaoticStreet.xcodeproj */ = {isa = PBXFileReference; lastKnownFileType = "wrapper.pb-project"; path = ChaoticStreet.xcodeproj; sourceTree = "<group>"; };
/* End PBXFileReference section */

/* Begin PBXFileSystemSynchronizedRootGroup section */
		161A16D52E547553000DA6C6 /* ChaoticStreet */ = {
			isa = PBXFileSystemSynchronizedRootGroup;
			explicitFolders = (
				Sounds,
			);
			path = ChaoticStreet;
			sourceTree = "<group>";
		};
/* End PBXFileSystemSynchronizedRootGroup section */

/* Begin PBXFrameworksBuildPhase section */
		161A16D02E547553000DA6C6 /* Frameworks */ = {
			isa = PBXFrameworksBuildPhase;
			buildActionMask = 2147483647;
			files = (
				893642882E7699C600276161 /* FirebaseDatabase in Frameworks */,
				8936428A2E7699C600276161 /* FirebaseFirestore in Frameworks */,
				893642832E7698BD00276161 /* Cloudinary in Frameworks */,
				8936428C2E7699C600276161 /* FirebaseStorage in Frameworks */,
				893642862E7699C600276161 /* FirebaseAuth in Frameworks */,
			);
			runOnlyForDeploymentPostprocessing = 0;
		};
		161A16DD2E547556000DA6C6 /* Frameworks */ = {
			isa = PBXFrameworksBuildPhase;
			buildActionMask = 2147483647;
			files = (
			);
			runOnlyForDeploymentPostprocessing = 0;
		};
		161A16E72E547556000DA6C6 /* Frameworks */ = {
			isa = PBXFrameworksBuildPhase;
			buildActionMask = 2147483647;
			files = (
			);
			runOnlyForDeploymentPostprocessing = 0;
		};
/* End PBXFrameworksBuildPhase section */

/* Begin PBXGroup section */
		161A16CA2E547553000DA6C6 = {
			isa = PBXGroup;
			children = (
				893642902E76D0A400276161 /* README.md */,
				161A16D52E547553000DA6C6 /* ChaoticStreet */,
				161A16D42E547553000DA6C6 /* Products */,
			);
			sourceTree = "<group>";
		};
		161A16D42E547553000DA6C6 /* Products */ = {
			isa = PBXGroup;
			children = (
				161A16D32E547553000DA6C6 /* ChaoticStreet.app */,
				161A16E02E547556000DA6C6 /* ChaoticStreetTests.xctest */,
				161A16EA2E547556000DA6C6 /* ChaoticStreetUITests.xctest */,
			);
			name = Products;
			sourceTree = "<group>";
		};
		FA89E4AE2E79C0F000714EF6 /* Products */ = {
			isa = PBXGroup;
			name = Products;
			sourceTree = "<group>";
		};
/* End PBXGroup section */

/* Begin PBXNativeTarget section */
		161A16D22E547553000DA6C6 /* ChaoticStreet */ = {
			isa = PBXNativeTarget;
			buildConfigurationList = 161A16F42E547556000DA6C6 /* Build configuration list for PBXNativeTarget "ChaoticStreet" */;
			buildPhases = (
				161A16CF2E547553000DA6C6 /* Sources */,
				161A16D02E547553000DA6C6 /* Frameworks */,
				161A16D12E547553000DA6C6 /* Resources */,
			);
			buildRules = (
			);
			dependencies = (
			);
			fileSystemSynchronizedGroups = (
				161A16D52E547553000DA6C6 /* ChaoticStreet */,
			);
			name = ChaoticStreet;
			packageProductDependencies = (
				893642822E7698BD00276161 /* Cloudinary */,
				893642852E7699C600276161 /* FirebaseAuth */,
				893642872E7699C600276161 /* FirebaseDatabase */,
				893642892E7699C600276161 /* FirebaseFirestore */,
				8936428B2E7699C600276161 /* FirebaseStorage */,
			);
			productName = ChaoticStreet;
			productReference = 161A16D32E547553000DA6C6 /* ChaoticStreet.app */;
			productType = "com.apple.product-type.application";
		};
		161A16DF2E547556000DA6C6 /* ChaoticStreetTests */ = {
			isa = PBXNativeTarget;
			buildConfigurationList = 161A16F72E547556000DA6C6 /* Build configuration list for PBXNativeTarget "ChaoticStreetTests" */;
			buildPhases = (
				161A16DC2E547556000DA6C6 /* Sources */,
				161A16DD2E547556000DA6C6 /* Frameworks */,
				161A16DE2E547556000DA6C6 /* Resources */,
			);
			buildRules = (
			);
			dependencies = (
				161A16E22E547556000DA6C6 /* PBXTargetDependency */,
			);
			name = ChaoticStreetTests;
			packageProductDependencies = (
			);
			productName = ChaoticStreetTests;
			productReference = 161A16E02E547556000DA6C6 /* ChaoticStreetTests.xctest */;
			productType = "com.apple.product-type.bundle.unit-test";
		};
		161A16E92E547556000DA6C6 /* ChaoticStreetUITests */ = {
			isa = PBXNativeTarget;
			buildConfigurationList = 161A16FA2E547556000DA6C6 /* Build configuration list for PBXNativeTarget "ChaoticStreetUITests" */;
			buildPhases = (
				161A16E62E547556000DA6C6 /* Sources */,
				161A16E72E547556000DA6C6 /* Frameworks */,
				161A16E82E547556000DA6C6 /* Resources */,
			);
			buildRules = (
			);
			dependencies = (
				161A16EC2E547556000DA6C6 /* PBXTargetDependency */,
			);
			name = ChaoticStreetUITests;
			packageProductDependencies = (
			);
			productName = ChaoticStreetUITests;
			productReference = 161A16EA2E547556000DA6C6 /* ChaoticStreetUITests.xctest */;
			productType = "com.apple.product-type.bundle.ui-testing";
		};
/* End PBXNativeTarget section */

/* Begin PBXProject section */
		161A16CB2E547553000DA6C6 /* Project object */ = {
			isa = PBXProject;
			attributes = {
				BuildIndependentTargetsInParallel = 1;
				LastSwiftUpdateCheck = 1640;
				LastUpgradeCheck = 1640;
				TargetAttributes = {
					161A16D22E547553000DA6C6 = {
						CreatedOnToolsVersion = 16.4;
						LastSwiftMigration = 1640;
					};
					161A16DF2E547556000DA6C6 = {
						CreatedOnToolsVersion = 16.4;
						TestTargetID = 161A16D22E547553000DA6C6;
					};
					161A16E92E547556000DA6C6 = {
						CreatedOnToolsVersion = 16.4;
						TestTargetID = 161A16D22E547553000DA6C6;
					};
				};
			};
			buildConfigurationList = 161A16CE2E547553000DA6C6 /* Build configuration list for PBXProject "ChaoticStreet" */;
			developmentRegion = en;
			hasScannedForEncodings = 0;
			knownRegions = (
				en,
				Base,
			);
			mainGroup = 161A16CA2E547553000DA6C6;
			minimizedProjectReferenceProxies = 1;
			packageReferences = (
				893642812E7698BD00276161 /* XCRemoteSwiftPackageReference "cloudinary_ios" */,
				893642842E7699C600276161 /* XCRemoteSwiftPackageReference "firebase-ios-sdk" */,
			);
			preferredProjectObjectVersion = 77;
			productRefGroup = 161A16D42E547553000DA6C6 /* Products */;
			projectDirPath = "";
			projectReferences = (
				{
					ProductGroup = FA89E4AE2E79C0F000714EF6 /* Products */;
					ProjectRef = FA89E4AB2E79C0F000714EF6 /* ChaoticStreet.xcodeproj */;
				},
			);
			projectRoot = "";
			targets = (
				161A16D22E547553000DA6C6 /* ChaoticStreet */,
				161A16DF2E547556000DA6C6 /* ChaoticStreetTests */,
				161A16E92E547556000DA6C6 /* ChaoticStreetUITests */,
			);
		};
/* End PBXProject section */

/* Begin PBXResourcesBuildPhase section */
		161A16D12E547553000DA6C6 /* Resources */ = {
			isa = PBXResourcesBuildPhase;
			buildActionMask = 2147483647;
			files = (
				893642912E76D0A400276161 /* README.md in Resources */,
			);
			runOnlyForDeploymentPostprocessing = 0;
		};
		161A16DE2E547556000DA6C6 /* Resources */ = {
			isa = PBXResourcesBuildPhase;
			buildActionMask = 2147483647;
			files = (
			);
			runOnlyForDeploymentPostprocessing = 0;
		};
		161A16E82E547556000DA6C6 /* Resources */ = {
			isa = PBXResourcesBuildPhase;
			buildActionMask = 2147483647;
			files = (
			);
			runOnlyForDeploymentPostprocessing = 0;
		};
/* End PBXResourcesBuildPhase section */

/* Begin PBXSourcesBuildPhase section */
		161A16CF2E547553000DA6C6 /* Sources */ = {
			isa = PBXSourcesBuildPhase;
			buildActionMask = 2147483647;
			files = (
			);
			runOnlyForDeploymentPostprocessing = 0;
		};
		161A16DC2E547556000DA6C6 /* Sources */ = {
			isa = PBXSourcesBuildPhase;
			buildActionMask = 2147483647;
			files = (
			);
			runOnlyForDeploymentPostprocessing = 0;
		};
		161A16E62E547556000DA6C6 /* Sources */ = {
			isa = PBXSourcesBuildPhase;
			buildActionMask = 2147483647;
			files = (
			);
			runOnlyForDeploymentPostprocessing = 0;
		};
/* End PBXSourcesBuildPhase section */

/* Begin PBXTargetDependency section */
		161A16E22E547556000DA6C6 /* PBXTargetDependency */ = {
			isa = PBXTargetDependency;
			target = 161A16D22E547553000DA6C6 /* ChaoticStreet */;
			targetProxy = 161A16E12E547556000DA6C6 /* PBXContainerItemProxy */;
		};
		161A16EC2E547556000DA6C6 /* PBXTargetDependency */ = {
			isa = PBXTargetDependency;
			target = 161A16D22E547553000DA6C6 /* ChaoticStreet */;
			targetProxy = 161A16EB2E547556000DA6C6 /* PBXContainerItemProxy */;
		};
/* End PBXTargetDependency section */

/* Begin XCBuildConfiguration section */
		161A16F22E547556000DA6C6 /* Debug */ = {
			isa = XCBuildConfiguration;
			buildSettings = {
				ALWAYS_SEARCH_USER_PATHS = NO;
				ASSETCATALOG_COMPILER_GENERATE_SWIFT_ASSET_SYMBOL_EXTENSIONS = YES;
				CLANG_ANALYZER_NONNULL = YES;
				CLANG_ANALYZER_NUMBER_OBJECT_CONVERSION = YES_AGGRESSIVE;
				CLANG_CXX_LANGUAGE_STANDARD = "gnu++20";
				CLANG_ENABLE_MODULES = YES;
				CLANG_ENABLE_OBJC_ARC = YES;
				CLANG_ENABLE_OBJC_WEAK = YES;
				CLANG_WARN_BLOCK_CAPTURE_AUTORELEASING = YES;
				CLANG_WARN_BOOL_CONVERSION = YES;
				CLANG_WARN_COMMA = YES;
				CLANG_WARN_CONSTANT_CONVERSION = YES;
				CLANG_WARN_DEPRECATED_OBJC_IMPLEMENTATIONS = YES;
				CLANG_WARN_DIRECT_OBJC_ISA_USAGE = YES_ERROR;
				CLANG_WARN_DOCUMENTATION_COMMENTS = YES;
				CLANG_WARN_EMPTY_BODY = YES;
				CLANG_WARN_ENUM_CONVERSION = YES;
				CLANG_WARN_INFINITE_RECURSION = YES;
				CLANG_WARN_INT_CONVERSION = YES;
				CLANG_WARN_NON_LITERAL_NULL_CONVERSION = YES;
				CLANG_WARN_OBJC_IMPLICIT_RETAIN_SELF = YES;
				CLANG_WARN_OBJC_LITERAL_CONVERSION = YES;
				CLANG_WARN_OBJC_ROOT_CLASS = YES_ERROR;
				CLANG_WARN_QUOTED_INCLUDE_IN_FRAMEWORK_HEADER = YES;
				CLANG_WARN_RANGE_LOOP_ANALYSIS = YES;
				CLANG_WARN_STRICT_PROTOTYPES = YES;
				CLANG_WARN_SUSPICIOUS_MOVE = YES;
				CLANG_WARN_UNGUARDED_AVAILABILITY = YES_AGGRESSIVE;
				CLANG_WARN_UNREACHABLE_CODE = YES;
				CLANG_WARN__DUPLICATE_METHOD_MATCH = YES;
				COPY_PHASE_STRIP = NO;
				DEBUG_INFORMATION_FORMAT = dwarf;
				ENABLE_STRICT_OBJC_MSGSEND = YES;
				ENABLE_TESTABILITY = YES;
				ENABLE_USER_SCRIPT_SANDBOXING = YES;
				GCC_C_LANGUAGE_STANDARD = gnu17;
				GCC_DYNAMIC_NO_PIC = NO;
				GCC_NO_COMMON_BLOCKS = YES;
				GCC_OPTIMIZATION_LEVEL = 0;
				GCC_PREPROCESSOR_DEFINITIONS = (
					"DEBUG=1",
					"$(inherited)",
				);
				GCC_WARN_64_TO_32_BIT_CONVERSION = YES;
				GCC_WARN_ABOUT_RETURN_TYPE = YES_ERROR;
				GCC_WARN_UNDECLARED_SELECTOR = YES;
				GCC_WARN_UNINITIALIZED_AUTOS = YES_AGGRESSIVE;
				GCC_WARN_UNUSED_FUNCTION = YES;
				GCC_WARN_UNUSED_VARIABLE = YES;
				IPHONEOS_DEPLOYMENT_TARGET = 18.5;
				LOCALIZATION_PREFERS_STRING_CATALOGS = YES;
				MTL_ENABLE_DEBUG_INFO = INCLUDE_SOURCE;
				MTL_FAST_MATH = YES;
				ONLY_ACTIVE_ARCH = YES;
				SDKROOT = iphoneos;
				SWIFT_ACTIVE_COMPILATION_CONDITIONS = "DEBUG $(inherited)";
				SWIFT_OPTIMIZATION_LEVEL = "-Onone";
			};
			name = Debug;
		};
		161A16F32E547556000DA6C6 /* Release */ = {
			isa = XCBuildConfiguration;
			buildSettings = {
				ALWAYS_SEARCH_USER_PATHS = NO;
				ASSETCATALOG_COMPILER_GENERATE_SWIFT_ASSET_SYMBOL_EXTENSIONS = YES;
				CLANG_ANALYZER_NONNULL = YES;
				CLANG_ANALYZER_NUMBER_OBJECT_CONVERSION = YES_AGGRESSIVE;
				CLANG_CXX_LANGUAGE_STANDARD = "gnu++20";
				CLANG_ENABLE_MODULES = YES;
				CLANG_ENABLE_OBJC_ARC = YES;
				CLANG_ENABLE_OBJC_WEAK = YES;
				CLANG_WARN_BLOCK_CAPTURE_AUTORELEASING = YES;
				CLANG_WARN_BOOL_CONVERSION = YES;
				CLANG_WARN_COMMA = YES;
				CLANG_WARN_CONSTANT_CONVERSION = YES;
				CLANG_WARN_DEPRECATED_OBJC_IMPLEMENTATIONS = YES;
				CLANG_WARN_DIRECT_OBJC_ISA_USAGE = YES_ERROR;
				CLANG_WARN_DOCUMENTATION_COMMENTS = YES;
				CLANG_WARN_EMPTY_BODY = YES;
				CLANG_WARN_ENUM_CONVERSION = YES;
				CLANG_WARN_INFINITE_RECURSION = YES;
				CLANG_WARN_INT_CONVERSION = YES;
				CLANG_WARN_NON_LITERAL_NULL_CONVERSION = YES;
				CLANG_WARN_OBJC_IMPLICIT_RETAIN_SELF = YES;
				CLANG_WARN_OBJC_LITERAL_CONVERSION = YES;
				CLANG_WARN_OBJC_ROOT_CLASS = YES_ERROR;
				CLANG_WARN_QUOTED_INCLUDE_IN_FRAMEWORK_HEADER = YES;
				CLANG_WARN_RANGE_LOOP_ANALYSIS = YES;
				CLANG_WARN_STRICT_PROTOTYPES = YES;
				CLANG_WARN_SUSPICIOUS_MOVE = YES;
				CLANG_WARN_UNGUARDED_AVAILABILITY = YES_AGGRESSIVE;
				CLANG_WARN_UNREACHABLE_CODE = YES;
				CLANG_WARN__DUPLICATE_METHOD_MATCH = YES;
				COPY_PHASE_STRIP = NO;
				DEBUG_INFORMATION_FORMAT = "dwarf-with-dsym";
				ENABLE_NS_ASSERTIONS = NO;
				ENABLE_STRICT_OBJC_MSGSEND = YES;
				ENABLE_USER_SCRIPT_SANDBOXING = YES;
				GCC_C_LANGUAGE_STANDARD = gnu17;
				GCC_NO_COMMON_BLOCKS = YES;
				GCC_WARN_64_TO_32_BIT_CONVERSION = YES;
				GCC_WARN_ABOUT_RETURN_TYPE = YES_ERROR;
				GCC_WARN_UNDECLARED_SELECTOR = YES;
				GCC_WARN_UNINITIALIZED_AUTOS = YES_AGGRESSIVE;
				GCC_WARN_UNUSED_FUNCTION = YES;
				GCC_WARN_UNUSED_VARIABLE = YES;
				IPHONEOS_DEPLOYMENT_TARGET = 18.5;
				LOCALIZATION_PREFERS_STRING_CATALOGS = YES;
				MTL_ENABLE_DEBUG_INFO = NO;
				MTL_FAST_MATH = YES;
				SDKROOT = iphoneos;
				SWIFT_COMPILATION_MODE = wholemodule;
				VALIDATE_PRODUCT = YES;
			};
			name = Release;
		};
		161A16F52E547556000DA6C6 /* Debug */ = {
			isa = XCBuildConfiguration;
			buildSettings = {
				ASSETCATALOG_COMPILER_APPICON_NAME = AppIcon;
				ASSETCATALOG_COMPILER_GLOBAL_ACCENT_COLOR_NAME = AccentColor;
				CLANG_ENABLE_MODULES = YES;
				CODE_SIGN_STYLE = Automatic;
				CURRENT_PROJECT_VERSION = 1;
				ENABLE_PREVIEWS = YES;
				GENERATE_INFOPLIST_FILE = YES;
				INFOPLIST_KEY_UIApplicationSceneManifest_Generation = YES;
				INFOPLIST_KEY_UIApplicationSupportsIndirectInputEvents = YES;
				INFOPLIST_KEY_UILaunchScreen_Generation = YES;
				INFOPLIST_KEY_UISupportedInterfaceOrientations_iPad = "UIInterfaceOrientationPortrait UIInterfaceOrientationPortraitUpsideDown UIInterfaceOrientationLandscapeLeft UIInterfaceOrientationLandscapeRight";
				INFOPLIST_KEY_UISupportedInterfaceOrientations_iPhone = "UIInterfaceOrientationPortrait UIInterfaceOrientationLandscapeLeft UIInterfaceOrientationLandscapeRight";
				IPHONEOS_DEPLOYMENT_TARGET = 26.0;
				LD_RUNPATH_SEARCH_PATHS = (
					"$(inherited)",
					"@executable_path/Frameworks",
				);
				MARKETING_VERSION = 1.0;
				PRODUCT_BUNDLE_IDENTIFIER = com.ChaoticStreet;
				PRODUCT_NAME = "$(TARGET_NAME)";
				SWIFT_EMIT_LOC_STRINGS = YES;
				SWIFT_OPTIMIZATION_LEVEL = "-Onone";
				SWIFT_VERSION = 5.0;
				TARGETED_DEVICE_FAMILY = "1,2";
			};
			name = Debug;
		};
		161A16F62E547556000DA6C6 /* Release */ = {
			isa = XCBuildConfiguration;
			buildSettings = {
				ASSETCATALOG_COMPILER_APPICON_NAME = AppIcon;
				ASSETCATALOG_COMPILER_GLOBAL_ACCENT_COLOR_NAME = AccentColor;
				CLANG_ENABLE_MODULES = YES;
				CODE_SIGN_STYLE = Automatic;
				CURRENT_PROJECT_VERSION = 1;
				ENABLE_PREVIEWS = YES;
				GENERATE_INFOPLIST_FILE = YES;
				INFOPLIST_KEY_UIApplicationSceneManifest_Generation = YES;
				INFOPLIST_KEY_UIApplicationSupportsIndirectInputEvents = YES;
				INFOPLIST_KEY_UILaunchScreen_Generation = YES;
				INFOPLIST_KEY_UISupportedInterfaceOrientations_iPad = "UIInterfaceOrientationPortrait UIInterfaceOrientationPortraitUpsideDown UIInterfaceOrientationLandscapeLeft UIInterfaceOrientationLandscapeRight";
				INFOPLIST_KEY_UISupportedInterfaceOrientations_iPhone = "UIInterfaceOrientationPortrait UIInterfaceOrientationLandscapeLeft UIInterfaceOrientationLandscapeRight";
				IPHONEOS_DEPLOYMENT_TARGET = 26.0;
				LD_RUNPATH_SEARCH_PATHS = (
					"$(inherited)",
					"@executable_path/Frameworks",
				);
				MARKETING_VERSION = 1.0;
				PRODUCT_BUNDLE_IDENTIFIER = com.ChaoticStreet;
				PRODUCT_NAME = "$(TARGET_NAME)";
				SWIFT_EMIT_LOC_STRINGS = YES;
				SWIFT_VERSION = 5.0;
				TARGETED_DEVICE_FAMILY = "1,2";
			};
			name = Release;
		};
		161A16F82E547556000DA6C6 /* Debug */ = {
			isa = XCBuildConfiguration;
			buildSettings = {
				BUNDLE_LOADER = "$(TEST_HOST)";
				CODE_SIGN_STYLE = Automatic;
				CURRENT_PROJECT_VERSION = 1;
				GENERATE_INFOPLIST_FILE = YES;
				IPHONEOS_DEPLOYMENT_TARGET = 18.5;
				MARKETING_VERSION = 1.0;
				PRODUCT_BUNDLE_IDENTIFIER = com.ChaoticStreetTests;
				PRODUCT_NAME = "$(TARGET_NAME)";
				SWIFT_EMIT_LOC_STRINGS = NO;
				SWIFT_VERSION = 5.0;
				TARGETED_DEVICE_FAMILY = "1,2";
				TEST_HOST = "$(BUILT_PRODUCTS_DIR)/ChaoticStreet.app/$(BUNDLE_EXECUTABLE_FOLDER_PATH)/ChaoticStreet";
			};
			name = Debug;
		};
		161A16F92E547556000DA6C6 /* Release */ = {
			isa = XCBuildConfiguration;
			buildSettings = {
				BUNDLE_LOADER = "$(TEST_HOST)";
				CODE_SIGN_STYLE = Automatic;
				CURRENT_PROJECT_VERSION = 1;
				GENERATE_INFOPLIST_FILE = YES;
				IPHONEOS_DEPLOYMENT_TARGET = 18.5;
				MARKETING_VERSION = 1.0;
				PRODUCT_BUNDLE_IDENTIFIER = com.ChaoticStreetTests;
				PRODUCT_NAME = "$(TARGET_NAME)";
				SWIFT_EMIT_LOC_STRINGS = NO;
				SWIFT_VERSION = 5.0;
				TARGETED_DEVICE_FAMILY = "1,2";
				TEST_HOST = "$(BUILT_PRODUCTS_DIR)/ChaoticStreet.app/$(BUNDLE_EXECUTABLE_FOLDER_PATH)/ChaoticStreet";
			};
			name = Release;
		};
		161A16FB2E547556000DA6C6 /* Debug */ = {
			isa = XCBuildConfiguration;
			buildSettings = {
				CODE_SIGN_STYLE = Automatic;
				CURRENT_PROJECT_VERSION = 1;
				GENERATE_INFOPLIST_FILE = YES;
				MARKETING_VERSION = 1.0;
				PRODUCT_BUNDLE_IDENTIFIER = com.ChaoticStreetUITests;
				PRODUCT_NAME = "$(TARGET_NAME)";
				SWIFT_EMIT_LOC_STRINGS = NO;
				SWIFT_VERSION = 5.0;
				TARGETED_DEVICE_FAMILY = "1,2";
				TEST_TARGET_NAME = ChaoticStreet;
			};
			name = Debug;
		};
		161A16FC2E547556000DA6C6 /* Release */ = {
			isa = XCBuildConfiguration;
			buildSettings = {
				CODE_SIGN_STYLE = Automatic;
				CURRENT_PROJECT_VERSION = 1;
				GENERATE_INFOPLIST_FILE = YES;
				MARKETING_VERSION = 1.0;
				PRODUCT_BUNDLE_IDENTIFIER = com.ChaoticStreetUITests;
				PRODUCT_NAME = "$(TARGET_NAME)";
				SWIFT_EMIT_LOC_STRINGS = NO;
				SWIFT_VERSION = 5.0;
				TARGETED_DEVICE_FAMILY = "1,2";
				TEST_TARGET_NAME = ChaoticStreet;
			};
			name = Release;
		};
/* End XCBuildConfiguration section */

/* Begin XCConfigurationList section */
		161A16CE2E547553000DA6C6 /* Build configuration list for PBXProject "ChaoticStreet" */ = {
			isa = XCConfigurationList;
			buildConfigurations = (
				161A16F22E547556000DA6C6 /* Debug */,
				161A16F32E547556000DA6C6 /* Release */,
			);
			defaultConfigurationIsVisible = 0;
			defaultConfigurationName = Release;
		};
		161A16F42E547556000DA6C6 /* Build configuration list for PBXNativeTarget "ChaoticStreet" */ = {
			isa = XCConfigurationList;
			buildConfigurations = (
				161A16F52E547556000DA6C6 /* Debug */,
				161A16F62E547556000DA6C6 /* Release */,
			);
			defaultConfigurationIsVisible = 0;
			defaultConfigurationName = Release;
		};
		161A16F72E547556000DA6C6 /* Build configuration list for PBXNativeTarget "ChaoticStreetTests" */ = {
			isa = XCConfigurationList;
			buildConfigurations = (
				161A16F82E547556000DA6C6 /* Debug */,
				161A16F92E547556000DA6C6 /* Release */,
			);
			defaultConfigurationIsVisible = 0;
			defaultConfigurationName = Release;
		};
		161A16FA2E547556000DA6C6 /* Build configuration list for PBXNativeTarget "ChaoticStreetUITests" */ = {
			isa = XCConfigurationList;
			buildConfigurations = (
				161A16FB2E547556000DA6C6 /* Debug */,
				161A16FC2E547556000DA6C6 /* Release */,
			);
			defaultConfigurationIsVisible = 0;
			defaultConfigurationName = Release;
		};
/* End XCConfigurationList section */

/* Begin XCRemoteSwiftPackageReference section */
		893642812E7698BD00276161 /* XCRemoteSwiftPackageReference "cloudinary_ios" */ = {
			isa = XCRemoteSwiftPackageReference;
			repositoryURL = "https://github.com/cloudinary/cloudinary_ios";
			requirement = {
				kind = upToNextMajorVersion;
				minimumVersion = 5.2.3;
			};
		};
		893642842E7699C600276161 /* XCRemoteSwiftPackageReference "firebase-ios-sdk" */ = {
			isa = XCRemoteSwiftPackageReference;
			repositoryURL = "https://github.com/firebase/firebase-ios-sdk";
			requirement = {
				kind = upToNextMajorVersion;
				minimumVersion = 12.2.0;
			};
		};
/* End XCRemoteSwiftPackageReference section */

/* Begin XCSwiftPackageProductDependency section */
		893642822E7698BD00276161 /* Cloudinary */ = {
			isa = XCSwiftPackageProductDependency;
			package = 893642812E7698BD00276161 /* XCRemoteSwiftPackageReference "cloudinary_ios" */;
			productName = Cloudinary;
		};
		893642852E7699C600276161 /* FirebaseAuth */ = {
			isa = XCSwiftPackageProductDependency;
			package = 893642842E7699C600276161 /* XCRemoteSwiftPackageReference "firebase-ios-sdk" */;
			productName = FirebaseAuth;
		};
		893642872E7699C600276161 /* FirebaseDatabase */ = {
			isa = XCSwiftPackageProductDependency;
			package = 893642842E7699C600276161 /* XCRemoteSwiftPackageReference "firebase-ios-sdk" */;
			productName = FirebaseDatabase;
		};
		893642892E7699C600276161 /* FirebaseFirestore */ = {
			isa = XCSwiftPackageProductDependency;
			package = 893642842E7699C600276161 /* XCRemoteSwiftPackageReference "firebase-ios-sdk" */;
			productName = FirebaseFirestore;
		};
		8936428B2E7699C600276161 /* FirebaseStorage */ = {
			isa = XCSwiftPackageProductDependency;
			package = 893642842E7699C600276161 /* XCRemoteSwiftPackageReference "firebase-ios-sdk" */;
			productName = FirebaseStorage;
		};
/* End XCSwiftPackageProductDependency section */
	};
	rootObject = 161A16CB2E547553000DA6C6 /* Project object */;
}
